# @generated - this file is auto-generated by `mise lock` https://mise.en.dev/dev-tools/mise-lock.html

[[tools."aqua:dadav/helm-schema"]]
version = "0.23.4"
backend = "aqua:dadav/helm-schema"

[tools."aqua:dadav/helm-schema"."platforms.linux-arm64"]
checksum = "sha256:f45e427aef848a1565a1341e3d2468840c64dc1d2c0f3b276982b852d587abe8"
url = "https://github.com/dadav/helm-schema/releases/download/0.23.4/helm-schema_0.23.4_Linux_arm64.tar.gz"

[tools."aqua:dadav/helm-schema"."platforms.linux-arm64-musl"]
checksum = "sha256:f45e427aef848a1565a1341e3d2468840c64dc1d2c0f3b276982b852d587abe8"
url = "https://github.com/dadav/helm-schema/releases/download/0.23.4/helm-schema_0.23.4_Linux_arm64.tar.gz"

[tools."aqua:dadav/helm-schema"."platforms.linux-x64"]
checksum = "sha256:02d7aeb3b915b431a007402778f338daf77839d563cea62d9b375896028a72c7"
url = "https://github.com/dadav/helm-schema/releases/download/0.23.4/helm-schema_0.23.4_Linux_x86_64.tar.gz"

[tools."aqua:dadav/helm-schema"."platforms.linux-x64-musl"]
checksum = "sha256:02d7aeb3b915b431a007402778f338daf77839d563cea62d9b375896028a72c7"
url = "https://github.com/dadav/helm-schema/releases/download/0.23.4/helm-schema_0.23.4_Linux_x86_64.tar.gz"

[tools."aqua:dadav/helm-schema"."platforms.macos-arm64"]
checksum = "sha256:e0075eab02f304a8d11bf8a94480fa34ec4f2db2460978d656738bf22f1106d4"
url = "https://github.com/dadav/helm-schema/releases/download/0.23.4/helm-schema_0.23.4_Darwin_arm64.tar.gz"

[tools."aqua:dadav/helm-schema"."platforms.macos-x64"]
checksum = "sha256:568945c206f746d45bb366369b257dd3ea25fdb8597a6c34ef678fb688b12ebf"
url = "https://github.com/dadav/helm-schema/releases/download/0.23.4/helm-schema_0.23.4_Darwin_x86_64.tar.gz"

[tools."aqua:dadav/helm-schema"."platforms.windows-x64"]
checksum = "sha256:261f93081473ae8d465b29320f55282d979af9aa2c0585ad82dbc10db4d89175"
url = "https://github.com/dadav/helm-schema/releases/download/0.23.4/helm-schema_0.23.4_Windows_x86_64.zip"

[[tools."aqua:derailed/k9s"]]
version = "0.51.0"
backend = "aqua:derailed/k9s"

[tools."aqua:derailed/k9s"."platforms.linux-arm64"]
checksum = "sha256:3ee05c82e5f9198928a4e86133608ba6a2c10a2244d6a7789e820f78319d640c"
url = "https://github.com/derailed/k9s/releases/download/v0.51.0/k9s_Linux_arm64.tar.gz"

[tools."aqua:derailed/k9s"."platforms.linux-arm64-musl"]
checksum = "sha256:3ee05c82e5f9198928a4e86133608ba6a2c10a2244d6a7789e820f78319d640c"
url = "https://github.com/derailed/k9s/releases/download/v0.51.0/k9s_Linux_arm64.tar.gz"

[tools."aqua:derailed/k9s"."platforms.linux-x64"]
checksum = "sha256:c3752ad51a5a4015a113819c4eeb6e55a4d0e4b8e652494797532f6fc8161dd7"
url = "https://github.com/derailed/k9s/releases/download/v0.51.0/k9s_Linux_amd64.tar.gz"

[tools."aqua:derailed/k9s"."platforms.linux-x64-musl"]
checksum = "sha256:c3752ad51a5a4015a113819c4eeb6e55a4d0e4b8e652494797532f6fc8161dd7"
url = "https://github.com/derailed/k9s/releases/download/v0.51.0/k9s_Linux_amd64.tar.gz"

[tools."aqua:derailed/k9s"."platforms.macos-arm64"]
checksum = "sha256:9b8c0e8f461e5d33aeee43a67f5ef4aff646a008a786887b8266cbb153c610cc"
url = "https://github.com/derailed/k9s/releases/download/v0.51.0/k9s_Darwin_arm64.tar.gz"

[tools."aqua:derailed/k9s"."platforms.macos-x64"]
checksum = "sha256:7e8802c57c45a0cd389e8fc38472243fe4cf48d8ad5957e189ce370e19e5eda0"
url = "https://github.com/derailed/k9s/releases/download/v0.51.0/k9s_Darwin_amd64.tar.gz"

[tools."aqua:derailed/k9s"."platforms.windows-x64"]
checksum = "sha256:bba299f1877913979831543a008f2e104995d2ea4ac8f23d7f49c0444857d973"
url = "https://github.com/derailed/k9s/releases/download/v0.51.0/k9s_Windows_amd64.zip"

[[tools."aqua:helm/helm"]]
version = "4.2.2"
backend = "aqua:helm/helm"

[tools."aqua:helm/helm"."platforms.linux-arm64"]
checksum = "sha256:78803142087a0069fa4b50d3f32a84d3ef25c14d1ee8a40fbccf86a6216d2f36"
url = "https://get.helm.sh/helm-v4.2.2-linux-arm64.tar.gz"

[tools."aqua:helm/helm"."platforms.linux-arm64-musl"]
checksum = "sha256:78803142087a0069fa4b50d3f32a84d3ef25c14d1ee8a40fbccf86a6216d2f36"
url = "https://get.helm.sh/helm-v4.2.2-linux-arm64.tar.gz"

[tools."aqua:helm/helm"."platforms.linux-x64"]
checksum = "sha256:9adafecab4d406853bba163a70e9f104f47dbbf65ce24b7653bae7e36150bcb6"
url = "https://get.helm.sh/helm-v4.2.2-linux-amd64.tar.gz"

[tools."aqua:helm/helm"."platforms.linux-x64-musl"]
checksum = "sha256:9adafecab4d406853bba163a70e9f104f47dbbf65ce24b7653bae7e36150bcb6"
url = "https://get.helm.sh/helm-v4.2.2-linux-amd64.tar.gz"

[tools."aqua:helm/helm"."platforms.macos-arm64"]
checksum = "sha256:5410a0dae3d5d91f45653b161260d9301aabc4ae80ae50a6605d66884b6df8ea"
url = "https://get.helm.sh/helm-v4.2.2-darwin-arm64.tar.gz"

[tools."aqua:helm/helm"."platforms.macos-x64"]
checksum = "sha256:10c1e36ee8c5f2e2ee25a16599cb03ab74c0953cd889cacb980a49ba4b6574ba"
url = "https://get.helm.sh/helm-v4.2.2-darwin-amd64.tar.gz"

[tools."aqua:helm/helm"."platforms.windows-x64"]
checksum = "sha256:29589dad546f8bcd3a6ad92261fcb4a6c9db4a32f9e4fc4f5212db189553dc60"
url = "https://get.helm.sh/helm-v4.2.2-windows-amd64.tar.gz"

[[tools."aqua:kubernetes/kubectl"]]
version = "1.36.2"
backend = "aqua:kubernetes/kubectl"

[tools."aqua:kubernetes/kubectl"."platforms.linux-arm64"]
checksum = "sha256:c957eb8c4bea27a3bb35b269edd9082e27f027f7b76b20b5bf4afebc726c6d3e"
url = "https://dl.k8s.io/v1.36.2/bin/linux/arm64/kubectl"

[tools."aqua:kubernetes/kubectl"."platforms.linux-arm64-musl"]
checksum = "sha256:c957eb8c4bea27a3bb35b269edd9082e27f027f7b76b20b5bf4afebc726c6d3e"
url = "https://dl.k8s.io/v1.36.2/bin/linux/arm64/kubectl"

[tools."aqua:kubernetes/kubectl"."platforms.linux-x64"]
checksum = "sha256:1e9045ec32bea85da43de85f0065358529ea7c7a152eca78154fba5b58c27d82"
url = "https://dl.k8s.io/v1.36.2/bin/linux/amd64/kubectl"

[tools."aqua:kubernetes/kubectl"."platforms.linux-x64-musl"]
checksum = "sha256:1e9045ec32bea85da43de85f0065358529ea7c7a152eca78154fba5b58c27d82"
url = "https://dl.k8s.io/v1.36.2/bin/linux/amd64/kubectl"

[tools."aqua:kubernetes/kubectl"."platforms.macos-arm64"]
checksum = "sha256:4408c85c83fd3a31adaa555bdf3c7a6c81f74b19449a9060ba31ab91926f023d"
url = "https://dl.k8s.io/v1.36.2/bin/darwin/arm64/kubectl"

[tools."aqua:kubernetes/kubectl"."platforms.macos-x64"]
checksum = "sha256:ce6c5e55cd17559e87e4fb5e73ebbbc2511bcf2b695d7a40c1b1461a9817d4b3"
url = "https://dl.k8s.io/v1.36.2/bin/darwin/amd64/kubectl"

[tools."aqua:kubernetes/kubectl"."platforms.windows-x64"]
checksum = "sha256:df04d82234b28ffbdcd36e79d596b85da6e9c736e1a7a55ff6910c648ff47af2"
url = "https://dl.k8s.io/v1.36.2/bin/windows/amd64/kubectl.exe"

[[tools."aqua:kubernetes/minikube"]]
version = "1.38.1"
backend = "aqua:kubernetes/minikube"

[tools."aqua:kubernetes/minikube"."platforms.linux-arm64"]
checksum = "sha256:a0b8a1ebfc8c07a247271d8df98ac0ddd7c8c855b601d402463e2e50c08c6bab"
url = "https://github.com/kubernetes/minikube/releases/download/v1.38.1/minikube-linux-arm64"

[tools."aqua:kubernetes/minikube"."platforms.linux-arm64-musl"]
checksum = "sha256:a0b8a1ebfc8c07a247271d8df98ac0ddd7c8c855b601d402463e2e50c08c6bab"
url = "https://github.com/kubernetes/minikube/releases/download/v1.38.1/minikube-linux-arm64"

[tools."aqua:kubernetes/minikube"."platforms.linux-x64"]
checksum = "sha256:099477eaf248bcb5bcea8ce78a2898e93ac01461c35189da1848c3de82ecd22e"
url = "https://github.com/kubernetes/minikube/releases/download/v1.38.1/minikube-linux-amd64"

[tools."aqua:kubernetes/minikube"."platforms.linux-x64-musl"]
checksum = "sha256:099477eaf248bcb5bcea8ce78a2898e93ac01461c35189da1848c3de82ecd22e"
url = "https://github.com/kubernetes/minikube/releases/download/v1.38.1/minikube-linux-amd64"

[tools."aqua:kubernetes/minikube"."platforms.macos-arm64"]
checksum = "sha256:f9b0c70bb7daf38c683c0b6e46dc1b612600247ae826bf74576807746a919ee8"
url = "https://github.com/kubernetes/minikube/releases/download/v1.38.1/minikube-darwin-arm64"

[tools."aqua:kubernetes/minikube"."platforms.macos-x64"]
checksum = "sha256:db11dffba835609988e4e98c3a91a38653ce66ddfa8ea3aaea92d87c54a0a348"
url = "https://github.com/kubernetes/minikube/releases/download/v1.38.1/minikube-darwin-amd64"

[tools."aqua:kubernetes/minikube"."platforms.windows-x64"]
checksum = "sha256:04215bec5632a976b48eb632856b50f1eaaa183b9c2a5904e11d1bacc4961ff7"
url = "https://github.com/kubernetes/minikube/releases/download/v1.38.1/minikube-windows-amd64.exe"

[[tools."aqua:norwoodj/helm-docs"]]
version = "1.14.2"
backend = "aqua:norwoodj/helm-docs"

[tools."aqua:norwoodj/helm-docs"."platforms.linux-arm64"]
checksum = "sha256:c3787212332386dcd122debef7848feb165aa701467ae3e3442df7638f3ac4e4"
url = "https://github.com/norwoodj/helm-docs/releases/download/v1.14.2/helm-docs_1.14.2_Linux_arm64.tar.gz"

[tools."aqua:norwoodj/helm-docs"."platforms.linux-arm64-musl"]
checksum = "sha256:c3787212332386dcd122debef7848feb165aa701467ae3e3442df7638f3ac4e4"
url = "https://github.com/norwoodj/helm-docs/releases/download/v1.14.2/helm-docs_1.14.2_Linux_arm64.tar.gz"

[tools."aqua:norwoodj/helm-docs"."platforms.linux-x64"]
checksum = "sha256:a8cf72ada34fad93285ba2a452b38bdc5bd52cc9a571236244ec31022928d6cc"
url = "https://github.com/norwoodj/helm-docs/releases/download/v1.14.2/helm-docs_1.14.2_Linux_x86_64.tar.gz"

[tools."aqua:norwoodj/helm-docs"."platforms.linux-x64-musl"]
checksum = "sha256:a8cf72ada34fad93285ba2a452b38bdc5bd52cc9a571236244ec31022928d6cc"
url = "https://github.com/norwoodj/helm-docs/releases/download/v1.14.2/helm-docs_1.14.2_Linux_x86_64.tar.gz"

[tools."aqua:norwoodj/helm-docs"."platforms.macos-arm64"]
checksum = "sha256:2d8399db5b33d240d5f8985241bcf5483563150b968e3229823822979f3e4b8b"
url = "https://github.com/norwoodj/helm-docs/releases/download/v1.14.2/helm-docs_1.14.2_Darwin_arm64.tar.gz"

[tools."aqua:norwoodj/helm-docs"."platforms.macos-x64"]
checksum = "sha256:b2f1ffd0feef8dc0901a38a2053481d1d67b63ca30da4ac774166c6b52fa2245"
url = "https://github.com/norwoodj/helm-docs/releases/download/v1.14.2/helm-docs_1.14.2_Darwin_x86_64.tar.gz"

[tools."aqua:norwoodj/helm-docs"."platforms.windows-x64"]
checksum = "sha256:3c54fd78d99e2769cf83a0faf12cf6cd4de1cac6ed7bee8d908a2c8fc23f538c"
url = "https://github.com/norwoodj/helm-docs/releases/download/v1.14.2/helm-docs_1.14.2_Windows_x86_64.tar.gz"

[[tools."aqua:rhysd/actionlint"]]
version = "1.7.12"
backend = "aqua:rhysd/actionlint"

[tools."aqua:rhysd/actionlint"."platforms.linux-arm64"]
checksum = "sha256:325e971b6ba9bfa504672e29be93c24981eeb1c07576d730e9f7c8805afff0c6"
url = "https://github.com/rhysd/actionlint/releases/download/v1.7.12/actionlint_1.7.12_linux_arm64.tar.gz"
provenance = "github-attestations"

[tools."aqua:rhysd/actionlint"."platforms.linux-arm64-musl"]
checksum = "sha256:325e971b6ba9bfa504672e29be93c24981eeb1c07576d730e9f7c8805afff0c6"
url = "https://github.com/rhysd/actionlint/releases/download/v1.7.12/actionlint_1.7.12_linux_arm64.tar.gz"
provenance = "github-attestations"

[tools."aqua:rhysd/actionlint"."platforms.linux-x64"]
checksum = "sha256:8aca8db96f1b94770f1b0d72b6dddcb1ebb8123cb3712530b08cc387b349a3d8"
url = "https://github.com/rhysd/actionlint/releases/download/v1.7.12/actionlint_1.7.12_linux_amd64.tar.gz"
provenance = "github-attestations"

[tools."aqua:rhysd/actionlint"."platforms.linux-x64-musl"]
checksum = "sha256:8aca8db96f1b94770f1b0d72b6dddcb1ebb8123cb3712530b08cc387b349a3d8"
url = "https://github.com/rhysd/actionlint/releases/download/v1.7.12/actionlint_1.7.12_linux_amd64.tar.gz"
provenance = "github-attestations"

[tools."aqua:rhysd/actionlint"."platforms.macos-arm64"]
checksum = "sha256:aba9ced2dee8d27fecca3dc7feb1a7f9a52caefa1eb46f3271ea66b6e0e6953f"
url = "https://github.com/rhysd/actionlint/releases/download/v1.7.12/actionlint_1.7.12_darwin_arm64.tar.gz"
provenance = "github-attestations"

[tools."aqua:rhysd/actionlint"."platforms.macos-x64"]
checksum = "sha256:5b44c3bc2255115c9b69e30efc0fecdf498fdb63c5d58e17084fd5f16324c644"
url = "https://github.com/rhysd/actionlint/releases/download/v1.7.12/actionlint_1.7.12_darwin_amd64.tar.gz"
provenance = "github-attestations"

[tools."aqua:rhysd/actionlint"."platforms.windows-x64"]
checksum = "sha256:6e7241b51e6817ea6a047693d8e6fed13b31819c9a0dd6c5a726e1592d22f6e9"
url = "https://github.com/rhysd/actionlint/releases/download/v1.7.12/actionlint_1.7.12_windows_amd64.zip"
provenance = "github-attestations"
